
Microsoft Visual Studio Solution File, Format Version 12.00
# Visual Studio Version 16
VisualStudioVersion = 16.0.30907.101
MinimumVisualStudioVersion = 10.0.40219.1
Project("{9A19103F-16F7-4668-BE54-9A1E7A4F7556}") = "Practice2", "Practice2\Practice2.csproj", "{BC6D7B95-3FCF-4F44-A557-1A9559A46A15}"
EndProject
Project("{9A19103F-16F7-4668-BE54-9A1E7A4F7556}") = "Practice3", "Practice3\Practice3.csproj", "{E6024A58-221E-4AB9-9A60-EF78AA9D182D}"
EndProject
Project("{9A19103F-16F7-4668-BE54-9A1E7A4F7556}") = "Practice4", "Practice4\Practice4.csproj", "{B0E823B2-BFE2-440A-BD3B-8E0850FDC4A5}"
EndProject
Project("{9A19103F-16F7-4668-BE54-9A1E7A4F7556}") = "CastTypes", "CastTypes\CastTypes.csproj", "{8561F7B5-24E7-49D5-9B77-4400D5BA9276}"
EndProject
Project("{9A19103F-16F7-4668-BE54-9A1E7A4F7556}") = "Practice5", "Practice5\Practice5.csproj", "{96A6691E-6B7F-492A-AC03-3B8F16463BAD}"
EndProject
Project("{9A19103F-16F7-4668-BE54-9A1E7A4F7556}") = "Practice6", "Practice6\Practice6.csproj", "{3687CF2D-CF18-4151-8F78-42222E32B38A}"
EndProject
Project("{9A19103F-16F7-4668-BE54-9A1E7A4F7556}") = "PizzaShop", "PizzaShop\PizzaShop.csproj", "{4AA820E8-F6A9-44BD-87E7-912618F1D712}"
EndProject
Project("{9A19103F-16F7-4668-BE54-9A1E7A4F7556}") = "LINQ", "LINQ\LINQ.csproj", "{2BFF914F-0659-4390-992B-6ED9EAC1CE4A}"
EndProject
Project("{2150E333-8FDC-42A3-9474-1A3956D46DE8}") = "Bank Account", "Bank Account", "{6C9D96D2-1DFC-4204-BB1C-39AD167E0079}"
EndProject
Project("{9A19103F-16F7-4668-BE54-9A1E7A4F7556}") = "DepositCalculator", "DepositCalculator\DepositCalculator.csproj", "{EB794DD7-FFF9-43C4-8FA0-4DEA0F3B40DA}"
EndProject
Project("{9A19103F-16F7-4668-BE54-9A1E7A4F7556}") = "NugetTest", "NugetTest\NugetTest.csproj", "{A1716584-F77A-462D-A36E-B54484B3AD9F}"
EndProject
Project("{9A19103F-16F7-4668-BE54-9A1E7A4F7556}") = "BankAccount", "BankAccount\BankAccount.csproj", "{CA59934E-BF1C-46F2-9EDB-AF8BFB351BDF}"
EndProject
Project("{9A19103F-16F7-4668-BE54-9A1E7A4F7556}") = "Practice7", "Practice7\Practice7.csproj", "{E19B4EDA-532F-4225-83DD-7ABFB3B645ED}"
EndProject
Project("{9A19103F-16F7-4668-BE54-9A1E7A4F7556}") = "Threads", "Threads\Threads.csproj", "{B4DC2127-6267-43E3-A9E5-6CFA286E0124}"
EndProject
Project("{9A19103F-16F7-4668-BE54-9A1E7A4F7556}") = "Images", "ImageDownloader\Images.csproj", "{B0A8B7F9-DCAC-46C6-81F7-9A19C3C897F3}"
EndProject
Project("{9A19103F-16F7-4668-BE54-9A1E7A4F7556}") = "EF_GitHub", "EF_GitHub\EF_GitHub.csproj", "{EBA2C8A3-068A-4CB5-AB76-F1CDFEA00420}"
EndProject
Project("{9A19103F-16F7-4668-BE54-9A1E7A4F7556}") = "EF_GitHub_DB_First", "EF_GitHub_DB_First\EF_GitHub_DB_First.csproj", "{76FCC1B1-2E98-4FAB-BB57-24A80B34B9A6}"
EndProject
Project("{2150E333-8FDC-42A3-9474-1A3956D46DE8}") = "OnlineShop", "OnlineShop", "{418B54F2-129F-4D9A-9E11-60C2FAFD6CEE}"
EndProject
Project("{FAE04EC0-301F-11D3-BF4B-00C04F79EFBC}") = "DAL", "DAL\DAL.csproj", "{FD6E21F3-6C39-4DAF-8F21-3E96EFDF115E}"
EndProject
Project("{FAE04EC0-301F-11D3-BF4B-00C04F79EFBC}") = "Shop", "Shop\Shop.csproj", "{0368EE84-6228-4AB6-9059-14FE586B7D0E}"
EndProject
Global
	GlobalSection(SolutionConfigurationPlatforms) = preSolution
		Debug|Any CPU = Debug|Any CPU
		Release|Any CPU = Release|Any CPU
	EndGlobalSection
	GlobalSection(ProjectConfigurationPlatforms) = postSolution
		{BC6D7B95-3FCF-4F44-A557-1A9559A46A15}.Debug|Any CPU.ActiveCfg = Debug|Any CPU
		{BC6D7B95-3FCF-4F44-A557-1A9559A46A15}.Debug|Any CPU.Build.0 = Debug|Any CPU
		{BC6D7B95-3FCF-4F44-A557-1A9559A46A15}.Release|Any CPU.ActiveCfg = Release|Any CPU
		{BC6D7B95-3FCF-4F44-A557-1A9559A46A15}.Release|Any CPU.Build.0 = Release|Any CPU
		{E6024A58-221E-4AB9-9A60-EF78AA9D182D}.Debug|Any CPU.ActiveCfg = Debug|Any CPU
		{E6024A58-221E-4AB9-9A60-EF78AA9D182D}.Debug|Any CPU.Build.0 = Debug|Any CPU
		{E6024A58-221E-4AB9-9A60-EF78AA9D182D}.Release|Any CPU.ActiveCfg = Release|Any CPU
		{E6024A58-221E-4AB9-9A60-EF78AA9D182D}.Release|Any CPU.Build.0 = Release|Any CPU
		{B0E823B2-BFE2-440A-BD3B-8E0850FDC4A5}.Debug|Any CPU.ActiveCfg = Debug|Any CPU
		{B0E823B2-BFE2-440A-BD3B-8E0850FDC4A5}.Debug|Any CPU.Build.0 = Debug|Any CPU
		{B0E823B2-BFE2-440A-BD3B-8E0850FDC4A5}.Release|Any CPU.ActiveCfg = Release|Any CPU
		{B0E823B2-BFE2-440A-BD3B-8E0850FDC4A5}.Release|Any CPU.Build.0 = Release|Any CPU
		{8561F7B5-24E7-49D5-9B77-4400D5BA9276}.Debug|Any CPU.ActiveCfg = Debug|Any CPU
		{8561F7B5-24E7-49D5-9B77-4400D5BA9276}.Debug|Any CPU.Build.0 = Debug|Any CPU
		{8561F7B5-24E7-49D5-9B77-4400D5BA9276}.Release|Any CPU.ActiveCfg = Release|Any CPU
		{8561F7B5-24E7-49D5-9B77-4400D5BA9276}.Release|Any CPU.Build.0 = Release|Any CPU
		{96A6691E-6B7F-492A-AC03-3B8F16463BAD}.Debug|Any CPU.ActiveCfg = Debug|Any CPU
		{96A6691E-6B7F-492A-AC03-3B8F16463BAD}.Debug|Any CPU.Build.0 = Debug|Any CPU
		{96A6691E-6B7F-492A-AC03-3B8F16463BAD}.Release|Any CPU.ActiveCfg = Release|Any CPU
		{96A6691E-6B7F-492A-AC03-3B8F16463BAD}.Release|Any CPU.Build.0 = Release|Any CPU
		{3687CF2D-CF18-4151-8F78-42222E32B38A}.Debug|Any CPU.ActiveCfg = Debug|Any CPU
		{3687CF2D-CF18-4151-8F78-42222E32B38A}.Debug|Any CPU.Build.0 = Debug|Any CPU
		{3687CF2D-CF18-4151-8F78-42222E32B38A}.Release|Any CPU.ActiveCfg = Release|Any CPU
		{3687CF2D-CF18-4151-8F78-42222E32B38A}.Release|Any CPU.Build.0 = Release|Any CPU
		{4AA820E8-F6A9-44BD-87E7-912618F1D712}.Debug|Any CPU.ActiveCfg = Debug|Any CPU
		{4AA820E8-F6A9-44BD-87E7-912618F1D712}.Debug|Any CPU.Build.0 = Debug|Any CPU
		{4AA820E8-F6A9-44BD-87E7-912618F1D712}.Release|Any CPU.ActiveCfg = Release|Any CPU
		{4AA820E8-F6A9-44BD-87E7-912618F1D712}.Release|Any CPU.Build.0 = Release|Any CPU
		{2BFF914F-0659-4390-992B-6ED9EAC1CE4A}.Debug|Any CPU.ActiveCfg = Debug|Any CPU
		{2BFF914F-0659-4390-992B-6ED9EAC1CE4A}.Debug|Any CPU.Build.0 = Debug|Any CPU
		{2BFF914F-0659-4390-992B-6ED9EAC1CE4A}.Release|Any CPU.ActiveCfg = Release|Any CPU
		{2BFF914F-0659-4390-992B-6ED9EAC1CE4A}.Release|Any CPU.Build.0 = Release|Any CPU
		{EB794DD7-FFF9-43C4-8FA0-4DEA0F3B40DA}.Debug|Any CPU.ActiveCfg = Debug|Any CPU
		{EB794DD7-FFF9-43C4-8FA0-4DEA0F3B40DA}.Debug|Any CPU.Build.0 = Debug|Any CPU
		{EB794DD7-FFF9-43C4-8FA0-4DEA0F3B40DA}.Release|Any CPU.ActiveCfg = Release|Any CPU
		{EB794DD7-FFF9-43C4-8FA0-4DEA0F3B40DA}.Release|Any CPU.Build.0 = Release|Any CPU
		{A1716584-F77A-462D-A36E-B54484B3AD9F}.Debug|Any CPU.ActiveCfg = Debug|Any CPU
		{A1716584-F77A-462D-A36E-B54484B3AD9F}.Debug|Any CPU.Build.0 = Debug|Any CPU
		{A1716584-F77A-462D-A36E-B54484B3AD9F}.Release|Any CPU.ActiveCfg = Release|Any CPU
		{A1716584-F77A-462D-A36E-B54484B3AD9F}.Release|Any CPU.Build.0 = Release|Any CPU
		{CA59934E-BF1C-46F2-9EDB-AF8BFB351BDF}.Debug|Any CPU.ActiveCfg = Debug|Any CPU
		{CA59934E-BF1C-46F2-9EDB-AF8BFB351BDF}.Debug|Any CPU.Build.0 = Debug|Any CPU
		{CA59934E-BF1C-46F2-9EDB-AF8BFB351BDF}.Release|Any CPU.ActiveCfg = Release|Any CPU
		{CA59934E-BF1C-46F2-9EDB-AF8BFB351BDF}.Release|Any CPU.Build.0 = Release|Any CPU
		{E19B4EDA-532F-4225-83DD-7ABFB3B645ED}.Debug|Any CPU.ActiveCfg = Debug|Any CPU
		{E19B4EDA-532F-4225-83DD-7ABFB3B645ED}.Debug|Any CPU.Build.0 = Debug|Any CPU
		{E19B4EDA-532F-4225-83DD-7ABFB3B645ED}.Release|Any CPU.ActiveCfg = Release|Any CPU
		{E19B4EDA-532F-4225-83DD-7ABFB3B645ED}.Release|Any CPU.Build.0 = Release|Any CPU
		{B4DC2127-6267-43E3-A9E5-6CFA286E0124}.Debug|Any CPU.ActiveCfg = Debug|Any CPU
		{B4DC2127-6267-43E3-A9E5-6CFA286E0124}.Debug|Any CPU.Build.0 = Debug|Any CPU
		{B4DC2127-6267-43E3-A9E5-6CFA286E0124}.Release|Any CPU.ActiveCfg = Release|Any CPU
		{B4DC2127-6267-43E3-A9E5-6CFA286E0124}.Release|Any CPU.Build.0 = Release|Any CPU
		{B0A8B7F9-DCAC-46C6-81F7-9A19C3C897F3}.Debug|Any CPU.ActiveCfg = Debug|Any CPU
		{B0A8B7F9-DCAC-46C6-81F7-9A19C3C897F3}.Debug|Any CPU.Build.0 = Debug|Any CPU
		{B0A8B7F9-DCAC-46C6-81F7-9A19C3C897F3}.Release|Any CPU.ActiveCfg = Release|Any CPU
		{B0A8B7F9-DCAC-46C6-81F7-9A19C3C897F3}.Release|Any CPU.Build.0 = Release|Any CPU
		{EBA2C8A3-068A-4CB5-AB76-F1CDFEA00420}.Debug|Any CPU.ActiveCfg = Debug|Any CPU
		{EBA2C8A3-068A-4CB5-AB76-F1CDFEA00420}.Debug|Any CPU.Build.0 = Debug|Any CPU
		{EBA2C8A3-068A-4CB5-AB76-F1CDFEA00420}.Release|Any CPU.ActiveCfg = Release|Any CPU
		{EBA2C8A3-068A-4CB5-AB76-F1CDFEA00420}.Release|Any CPU.Build.0 = Release|Any CPU
		{76FCC1B1-2E98-4FAB-BB57-24A80B34B9A6}.Debug|Any CPU.ActiveCfg = Debug|Any CPU
		{76FCC1B1-2E98-4FAB-BB57-24A80B34B9A6}.Debug|Any CPU.Build.0 = Debug|Any CPU
		{76FCC1B1-2E98-4FAB-BB57-24A80B34B9A6}.Release|Any CPU.ActiveCfg = Release|Any CPU
		{76FCC1B1-2E98-4FAB-BB57-24A80B34B9A6}.Release|Any CPU.Build.0 = Release|Any CPU
		{FD6E21F3-6C39-4DAF-8F21-3E96EFDF115E}.Debug|Any CPU.ActiveCfg = Debug|Any CPU
		{FD6E21F3-6C39-4DAF-8F21-3E96EFDF115E}.Debug|Any CPU.Build.0 = Debug|Any CPU
		{FD6E21F3-6C39-4DAF-8F21-3E96EFDF115E}.Release|Any CPU.ActiveCfg = Release|Any CPU
		{FD6E21F3-6C39-4DAF-8F21-3E96EFDF115E}.Release|Any CPU.Build.0 = Release|Any CPU
		{0368EE84-6228-4AB6-9059-14FE586B7D0E}.Debug|Any CPU.ActiveCfg = Debug|Any CPU
		{0368EE84-6228-4AB6-9059-14FE586B7D0E}.Debug|Any CPU.Build.0 = Debug|Any CPU
		{0368EE84-6228-4AB6-9059-14FE586B7D0E}.Release|Any CPU.ActiveCfg = Release|Any CPU
		{0368EE84-6228-4AB6-9059-14FE586B7D0E}.Release|Any CPU.Build.0 = Release|Any CPU
	EndGlobalSection
	GlobalSection(SolutionProperties) = preSolution
		HideSolutionNode = FALSE
	EndGlobalSection
	GlobalSection(NestedProjects) = preSolution
		{EB794DD7-FFF9-43C4-8FA0-4DEA0F3B40DA} = {6C9D96D2-1DFC-4204-BB1C-39AD167E0079}
		{A1716584-F77A-462D-A36E-B54484B3AD9F} = {6C9D96D2-1DFC-4204-BB1C-39AD167E0079}
		{CA59934E-BF1C-46F2-9EDB-AF8BFB351BDF} = {6C9D96D2-1DFC-4204-BB1C-39AD167E0079}
		{FD6E21F3-6C39-4DAF-8F21-3E96EFDF115E} = {418B54F2-129F-4D9A-9E11-60C2FAFD6CEE}
		{0368EE84-6228-4AB6-9059-14FE586B7D0E} = {418B54F2-129F-4D9A-9E11-60C2FAFD6CEE}
	EndGlobalSection
	GlobalSection(ExtensibilityGlobals) = postSolution
		SolutionGuid = {5EF37587-BFB0-44BE-AF99-DC4480A05514}
	EndGlobalSection
EndGlobal
